{
  "name": "E-Commerce",
  "lockfileVersion": 3,
  "requires": true,
  "packages": {
    "": {
      "dependencies": {
        "mouse-event": "^1.0.5"
      }
    },
    "node_modules/mouse-event": {
      "version": "1.0.5",
      "resolved": "https://registry.npmjs.org/mouse-event/-/mouse-event-1.0.5.tgz",
      "integrity": "sha512-ItUxtL2IkeSKSp9cyaX2JLUuKk2uMoxBg4bbOWVd29+CskYJR9BGsUqtXenNzKbnDshvupjUewDIYVrOB6NmGw=="
    }
  }
}
